
Microsoft Visual Studio Solution File, Format Version 12.00
# Visual Studio Version 17
VisualStudioVersion = 17.13.35825.156 d17.13
MinimumVisualStudioVersion = 10.0.40219.1
Project("{FAE04EC0-301F-11D3-BF4B-00C04F79EFBC}") = "SzamnegyesProject", "SzamnegyesProject\SzamnegyesProject.csproj", "{8CB017ED-3199-472A-A301-FEA35D8F8E9D}"
EndProject
Global
	GlobalSection(SolutionConfigurationPlatforms) = preSolution
		Debug|Any CPU = Debug|Any CPU
		Release|Any CPU = Release|Any CPU
	EndGlobalSection
	GlobalSection(ProjectConfigurationPlatforms) = postSolution
		{8CB017ED-3199-472A-A301-FEA35D8F8E9D}.Debug|Any CPU.ActiveCfg = Debug|Any CPU
		{8CB017ED-3199-472A-A301-FEA35D8F8E9D}.Debug|Any CPU.Build.0 = Debug|Any CPU
		{8CB017ED-3199-472A-A301-FEA35D8F8E9D}.Release|Any CPU.ActiveCfg = Release|Any CPU
		{8CB017ED-3199-472A-A301-FEA35D8F8E9D}.Release|Any CPU.Build.0 = Release|Any CPU
	EndGlobalSection
	GlobalSection(SolutionProperties) = preSolution
		HideSolutionNode = FALSE
	EndGlobalSection
	GlobalSection(ExtensibilityGlobals) = postSolution
		SolutionGuid = {C1472969-8387-4692-BA89-900EEF8E6B35}
	EndGlobalSection
EndGlobal
