
Microsoft Visual Studio Solution File, Format Version 12.00
# Visual Studio Version 17
VisualStudioVersion = 17.13.35825.156 d17.13
MinimumVisualStudioVersion = 10.0.40219.1
Project("{FAE04EC0-301F-11D3-BF4B-00C04F79EFBC}") = "Szamnegyes.Shared", "Szamnegyes.Shared\Szamnegyes.Shared.csproj", "{DCECA914-043A-42B9-8DB7-59F22B666D05}"
EndProject
Global
	GlobalSection(SolutionConfigurationPlatforms) = preSolution
		Debug|Any CPU = Debug|Any CPU
		Release|Any CPU = Release|Any CPU
	EndGlobalSection
	GlobalSection(ProjectConfigurationPlatforms) = postSolution
		{DCECA914-043A-42B9-8DB7-59F22B666D05}.Debug|Any CPU.ActiveCfg = Debug|Any CPU
		{DCECA914-043A-42B9-8DB7-59F22B666D05}.Debug|Any CPU.Build.0 = Debug|Any CPU
		{DCECA914-043A-42B9-8DB7-59F22B666D05}.Release|Any CPU.ActiveCfg = Release|Any CPU
		{DCECA914-043A-42B9-8DB7-59F22B666D05}.Release|Any CPU.Build.0 = Release|Any CPU
	EndGlobalSection
	GlobalSection(SolutionProperties) = preSolution
		HideSolutionNode = FALSE
	EndGlobalSection
	GlobalSection(ExtensibilityGlobals) = postSolution
		SolutionGuid = {8956A7CC-1773-4829-B7FF-3642752B5FFD}
	EndGlobalSection
EndGlobal
